// !$*UTF8*$!
{
	archiveVersion = 1;
	classes = {
	};
	objectVersion = 50;
	objects = {

/* Begin PBXBuildFile section */
		C874961325FF1FD000FEBC99 /* AppDelegate.swift in Sources */ = {isa = PBXBuildFile; fileRef = C874961225FF1FD000FEBC99 /* AppDelegate.swift */; };
		C874961525FF1FD000FEBC99 /* SceneDelegate.swift in Sources */ = {isa = PBXBuildFile; fileRef = C874961425FF1FD000FEBC99 /* SceneDelegate.swift */; };
		C874961725FF1FD000FEBC99 /* ViewController.swift in Sources */ = {isa = PBXBuildFile; fileRef = C874961625FF1FD000FEBC99 /* ViewController.swift */; };
		C874961A25FF1FD000FEBC99 /* Main.storyboard in Resources */ = {isa = PBXBuildFile; fileRef = C874961825FF1FD000FEBC99 /* Main.storyboard */; };
		C874961D25FF1FD000FEBC99 /* Assessment_test.xcdatamodeld in Sources */ = {isa = PBXBuildFile; fileRef = C874961B25FF1FD000FEBC99 /* Assessment_test.xcdatamodeld */; };
		C874961F25FF1FD500FEBC99 /* Assets.xcassets in Resources */ = {isa = PBXBuildFile; fileRef = C874961E25FF1FD500FEBC99 /* Assets.xcassets */; };
		C874962225FF1FD500FEBC99 /* LaunchScreen.storyboard in Resources */ = {isa = PBXBuildFile; fileRef = C874962025FF1FD500FEBC99 /* LaunchScreen.storyboard */; };
/* End PBXBuildFile section */

/* Begin PBXFileReference section */
		C874960F25FF1FD000FEBC99 /* Assessment_test.app */ = {isa = PBXFileReference; explicitFileType = wrapper.application; includeInIndex = 0; path = Assessment_test.app; sourceTree = BUILT_PRODUCTS_DIR; };
		C874961225FF1FD000FEBC99 /* AppDelegate.swift */ = {isa = PBXFileReference; lastKnownFileType = sourcecode.swift; path = AppDelegate.swift; sourceTree = "<group>"; };
		C874961425FF1FD000FEBC99 /* SceneDelegate.swift */ = {isa = PBXFileReference; lastKnownFileType = sourcecode.swift; path = SceneDelegate.swift; sourceTree = "<group>"; };
		C874961625FF1FD000FEBC99 /* ViewController.swift */ = {isa = PBXFileReference; lastKnownFileType = sourcecode.swift; path = ViewController.swift; sourceTree = "<group>"; };
		C874961925FF1FD000FEBC99 /* Base */ = {isa = PBXFileReference; lastKnownFileType = file.storyboard; name = Base; path = Base.lproj/Main.storyboard; sourceTree = "<group>"; };
		C874961C25FF1FD000FEBC99 /* Assessment_test.xcdatamodel */ = {isa = PBXFileReference; lastKnownFileType = wrapper.xcdatamodel; path = Assessment_test.xcdatamodel; sourceTree = "<group>"; };
		C874961E25FF1FD500FEBC99 /* Assets.xcassets */ = {isa = PBXFileReference; lastKnownFileType = folder.assetcatalog; path = Assets.xcassets; sourceTree = "<group>"; };
		C874962125FF1FD500FEBC99 /* Base */ = {isa = PBXFileReference; lastKnownFileType = file.storyboard; name = Base; path = Base.lproj/LaunchScreen.storyboard; sourceTree = "<group>"; };
		C874962325FF1FD500FEBC99 /* Info.plist */ = {isa = PBXFileReference; lastKnownFileType = text.plist.xml; path = Info.plist; sourceTree = "<group>"; };
/* End PBXFileReference section */

/* Begin PBXFrameworksBuildPhase section */
		C874960C25FF1FD000FEBC99 /* Frameworks */ = {
			isa = PBXFrameworksBuildPhase;
			buildActionMask = 2147483647;
			files = (
			);
			runOnlyForDeploymentPostprocessing = 0;
		};
/* End PBXFrameworksBuildPhase section */

/* Begin PBXGroup section */
		C874960625FF1FD000FEBC99 = {
			isa = PBXGroup;
			children = (
				C874961125FF1FD000FEBC99 /* Assessment_test */,
				C874961025FF1FD000FEBC99 /* Products */,
			);
			sourceTree = "<group>";
		};
		C874961025FF1FD000FEBC99 /* Products */ = {
			isa = PBXGroup;
			children = (
				C874960F25FF1FD000FEBC99 /* Assessment_test.app */,
			);
			name = Products;
			sourceTree = "<group>";
		};
		C874961125FF1FD000FEBC99 /* Assessment_test */ = {
			isa = PBXGroup;
			children = (
				C874961225FF1FD000FEBC99 /* AppDelegate.swift */,
				C874961425FF1FD000FEBC99 /* SceneDelegate.swift */,
				C874961625FF1FD000FEBC99 /* ViewController.swift */,
				C874961825FF1FD000FEBC99 /* Main.storyboard */,
				C874961E25FF1FD500FEBC99 /* Assets.xcassets */,
				C874962025FF1FD500FEBC99 /* LaunchScreen.storyboard */,
				C874962325FF1FD500FEBC99 /* Info.plist */,
				C874961B25FF1FD000FEBC99 /* Assessment_test.xcdatamodeld */,
			);
			path = Assessment_test;
			sourceTree = "<group>";
		};
/* End PBXGroup section */

/* Begin PBXNativeTarget section */
		C874960E25FF1FD000FEBC99 /* Assessment_test */ = {
			isa = PBXNativeTarget;
			buildConfigurationList = C874962625FF1FD500FEBC99 /* Build configuration list for PBXNativeTarget "Assessment_test" */;
			buildPhases = (
				C874960B25FF1FD000FEBC99 /* Sources */,
				C874960C25FF1FD000FEBC99 /* Frameworks */,
				C874960D25FF1FD000FEBC99 /* Resources */,
			);
			buildRules = (
			);
			dependencies = (
			);
			name = Assessment_test;
			productName = Assessment_test;
			productReference = C874960F25FF1FD000FEBC99 /* Assessment_test.app */;
			productType = "com.apple.product-type.application";
		};
/* End PBXNativeTarget section */

/* Begin PBXProject section */
		C874960725FF1FD000FEBC99 /* Project object */ = {
			isa = PBXProject;
			attributes = {
				LastSwiftUpdateCheck = 1220;
				LastUpgradeCheck = 1220;
				TargetAttributes = {
					C874960E25FF1FD000FEBC99 = {
						CreatedOnToolsVersion = 12.2;
					};
				};
			};
			buildConfigurationList = C874960A25FF1FD000FEBC99 /* Build configuration list for PBXProject "Assessment_test" */;
			compatibilityVersion = "Xcode 9.3";
			developmentRegion = en;
			hasScannedForEncodings = 0;
			knownRegions = (
				en,
				Base,
			);
			mainGroup = C874960625FF1FD000FEBC99;
			productRefGroup = C874961025FF1FD000FEBC99 /* Products */;
			projectDirPath = "";
			projectRoot = "";
			targets = (
				C874960E25FF1FD000FEBC99 /* Assessment_test */,
			);
		};
/* End PBXProject section */

/* Begin PBXResourcesBuildPhase section */
		C874960D25FF1FD000FEBC99 /* Resources */ = {
			isa = PBXResourcesBuildPhase;
			buildActionMask = 2147483647;
			files = (
				C874962225FF1FD500FEBC99 /* LaunchScreen.storyboard in Resources */,
				C874961F25FF1FD500FEBC99 /* Assets.xcassets in Resources */,
				C874961A25FF1FD000FEBC99 /* Main.storyboard in Resources */,
			);
			runOnlyForDeploymentPostprocessing = 0;
		};
/* End PBXResourcesBuildPhase section */

/* Begin PBXSourcesBuildPhase section */
		C874960B25FF1FD000FEBC99 /* Sources */ = {
			isa = PBXSourcesBuildPhase;
			buildActionMask = 2147483647;
			files = (
				C874961725FF1FD000FEBC99 /* ViewController.swift in Sources */,
				C874961D25FF1FD000FEBC99 /* Assessment_test.xcdatamodeld in Sources */,
				C874961325FF1FD000FEBC99 /* AppDelegate.swift in Sources */,
				C874961525FF1FD000FEBC99 /* SceneDelegate.swift in Sources */,
			);
			runOnlyForDeploymentPostprocessing = 0;
		};
/* End PBXSourcesBuildPhase section */

/* Begin PBXVariantGroup section */
		C874961825FF1FD000FEBC99 /* Main.storyboard */ = {
			isa = PBXVariantGroup;
			children = (
				C874961925FF1FD000FEBC99 /* Base */,
			);
			name = Main.storyboard;
			sourceTree = "<group>";
		};
		C874962025FF1FD500FEBC99 /* LaunchScreen.storyboard */ = {
			isa = PBXVariantGroup;
			children = (
				C874962125FF1FD500FEBC99 /* Base */,
			);
			name = LaunchScreen.storyboard;
			sourceTree = "<group>";
		};
/* End PBXVariantGroup section */

/* Begin XCBuildConfiguration section */
		C874962425FF1FD500FEBC99 /* Debug */ = {
			isa = XCBuildConfiguration;
			buildSettings = {
				ALWAYS_SEARCH_USER_PATHS = NO;
				CLANG_ANALYZER_NONNULL = YES;
				CLANG_ANALYZER_NUMBER_OBJECT_CONVERSION = YES_AGGRESSIVE;
				CLANG_CXX_LANGUAGE_STANDARD = "gnu++14";
				CLANG_CXX_LIBRARY = "libc++";
				CLANG_ENABLE_MODULES = YES;
				CLANG_ENABLE_OBJC_ARC = YES;
				CLANG_ENABLE_OBJC_WEAK = YES;
				CLANG_WARN_BLOCK_CAPTURE_AUTORELEASING = YES;
				CLANG_WARN_BOOL_CONVERSION = YES;
				CLANG_WARN_COMMA = YES;
				CLANG_WARN_CONSTANT_CONVERSION = YES;
				CLANG_WARN_DEPRECATED_OBJC_IMPLEMENTATIONS = YES;
				CLANG_WARN_DIRECT_OBJC_ISA_USAGE = YES_ERROR;
				CLANG_WARN_DOCUMENTATION_COMMENTS = YES;
				CLANG_WARN_EMPTY_BODY = YES;
				CLANG_WARN_ENUM_CONVERSION = YES;
				CLANG_WARN_INFINITE_RECURSION = YES;
				CLANG_WARN_INT_CONVERSION = YES;
				CLANG_WARN_NON_LITERAL_NULL_CONVERSION = YES;
				CLANG_WARN_OBJC_IMPLICIT_RETAIN_SELF = YES;
				CLANG_WARN_OBJC_LITERAL_CONVERSION = YES;
				CLANG_WARN_OBJC_ROOT_CLASS = YES_ERROR;
				CLANG_WARN_QUOTED_INCLUDE_IN_FRAMEWORK_HEADER = YES;
				CLANG_WARN_RANGE_LOOP_ANALYSIS = YES;
				CLANG_WARN_STRICT_PROTOTYPES = YES;
				CLANG_WARN_SUSPICIOUS_MOVE = YES;
				CLANG_WARN_UNGUARDED_AVAILABILITY = YES_AGGRESSIVE;
				CLANG_WARN_UNREACHABLE_CODE = YES;
				CLANG_WARN__DUPLICATE_METHOD_MATCH = YES;
				COPY_PHASE_STRIP = NO;
				DEBUG_INFORMATION_FORMAT = dwarf;
				ENABLE_STRICT_OBJC_MSGSEND = YES;
				ENABLE_TESTABILITY = YES;
				GCC_C_LANGUAGE_STANDARD = gnu11;
				GCC_DYNAMIC_NO_PIC = NO;
				GCC_NO_COMMON_BLOCKS = YES;
				GCC_OPTIMIZATION_LEVEL = 0;
				GCC_PREPROCESSOR_DEFINITIONS = (
					"DEBUG=1",
					"$(inherited)",
				);
				GCC_WARN_64_TO_32_BIT_CONVERSION = YES;
				GCC_WARN_ABOUT_RETURN_TYPE = YES_ERROR;
				GCC_WARN_UNDECLARED_SELECTOR = YES;
				GCC_WARN_UNINITIALIZED_AUTOS = YES_AGGRESSIVE;
				GCC_WARN_UNUSED_FUNCTION = YES;
				GCC_WARN_UNUSED_VARIABLE = YES;
				IPHONEOS_DEPLOYMENT_TARGET = 14.2;
				MTL_ENABLE_DEBUG_INFO = INCLUDE_SOURCE;
				MTL_FAST_MATH = YES;
				ONLY_ACTIVE_ARCH = YES;
				SDKROOT = iphoneos;
				SWIFT_ACTIVE_COMPILATION_CONDITIONS = DEBUG;
				SWIFT_OPTIMIZATION_LEVEL = "-Onone";
			};
			name = Debug;
		};
		C874962525FF1FD500FEBC99 /* Release */ = {
			isa = XCBuildConfiguration;
			buildSettings = {
				ALWAYS_SEARCH_USER_PATHS = NO;
				CLANG_ANALYZER_NONNULL = YES;
				CLANG_ANALYZER_NUMBER_OBJECT_CONVERSION = YES_AGGRESSIVE;
				CLANG_CXX_LANGUAGE_STANDARD = "gnu++14";
				CLANG_CXX_LIBRARY = "libc++";
				CLANG_ENABLE_MODULES = YES;
				CLANG_ENABLE_OBJC_ARC = YES;
				CLANG_ENABLE_OBJC_WEAK = YES;
				CLANG_WARN_BLOCK_CAPTURE_AUTORELEASING = YES;
				CLANG_WARN_BOOL_CONVERSION = YES;
				CLANG_WARN_COMMA = YES;
				CLANG_WARN_CONSTANT_CONVERSION = YES;
				CLANG_WARN_DEPRECATED_OBJC_IMPLEMENTATIONS = YES;
				CLANG_WARN_DIRECT_OBJC_ISA_USAGE = YES_ERROR;
				CLANG_WARN_DOCUMENTATION_COMMENTS = YES;
				CLANG_WARN_EMPTY_BODY = YES;
				CLANG_WARN_ENUM_CONVERSION = YES;
				CLANG_WARN_INFINITE_RECURSION = YES;
				CLANG_WARN_INT_CONVERSION = YES;
				CLANG_WARN_NON_LITERAL_NULL_CONVERSION = YES;
				CLANG_WARN_OBJC_IMPLICIT_RETAIN_SELF = YES;
				CLANG_WARN_OBJC_LITERAL_CONVERSION = YES;
				CLANG_WARN_OBJC_ROOT_CLASS = YES_ERROR;
				CLANG_WARN_QUOTED_INCLUDE_IN_FRAMEWORK_HEADER = YES;
				CLANG_WARN_RANGE_LOOP_ANALYSIS = YES;
				CLANG_WARN_STRICT_PROTOTYPES = YES;
				CLANG_WARN_SUSPICIOUS_MOVE = YES;
				CLANG_WARN_UNGUARDED_AVAILABILITY = YES_AGGRESSIVE;
				CLANG_WARN_UNREACHABLE_CODE = YES;
				CLANG_WARN__DUPLICATE_METHOD_MATCH = YES;
				COPY_PHASE_STRIP = NO;
				DEBUG_INFORMATION_FORMAT = "dwarf-with-dsym";
				ENABLE_NS_ASSERTIONS = NO;
				ENABLE_STRICT_OBJC_MSGSEND = YES;
				GCC_C_LANGUAGE_STANDARD = gnu11;
				GCC_NO_COMMON_BLOCKS = YES;
				GCC_WARN_64_TO_32_BIT_CONVERSION = YES;
				GCC_WARN_ABOUT_RETURN_TYPE = YES_ERROR;
				GCC_WARN_UNDECLARED_SELECTOR = YES;
				GCC_WARN_UNINITIALIZED_AUTOS = YES_AGGRESSIVE;
				GCC_WARN_UNUSED_FUNCTION = YES;
				GCC_WARN_UNUSED_VARIABLE = YES;
				IPHONEOS_DEPLOYMENT_TARGET = 14.2;
				MTL_ENABLE_DEBUG_INFO = NO;
				MTL_FAST_MATH = YES;
				SDKROOT = iphoneos;
				SWIFT_COMPILATION_MODE = wholemodule;
				SWIFT_OPTIMIZATION_LEVEL = "-O";
				VALIDATE_PRODUCT = YES;
			};
			name = Release;
		};
		C874962725FF1FD500FEBC99 /* Debug */ = {
			isa = XCBuildConfiguration;
			buildSettings = {
				ASSETCATALOG_COMPILER_APPICON_NAME = AppIcon;
				ASSETCATALOG_COMPILER_GLOBAL_ACCENT_COLOR_NAME = AccentColor;
				CODE_SIGN_STYLE = Automatic;
				DEVELOPMENT_TEAM = XRW3Q6G293;
				INFOPLIST_FILE = Assessment_test/Info.plist;
				LD_RUNPATH_SEARCH_PATHS = (
					"$(inherited)",
					"@executable_path/Frameworks",
				);
				PRODUCT_BUNDLE_IDENTIFIER = "com.assessment.test.Assessment-test";
				PRODUCT_NAME = "$(TARGET_NAME)";
				SWIFT_VERSION = 5.0;
				TARGETED_DEVICE_FAMILY = "1,2";
			};
			name = Debug;
		};
		C874962825FF1FD500FEBC99 /* Release */ = {
			isa = XCBuildConfiguration;
			buildSettings = {
				ASSETCATALOG_COMPILER_APPICON_NAME = AppIcon;
				ASSETCATALOG_COMPILER_GLOBAL_ACCENT_COLOR_NAME = AccentColor;
				CODE_SIGN_STYLE = Automatic;
				DEVELOPMENT_TEAM = XRW3Q6G293;
				INFOPLIST_FILE = Assessment_test/Info.plist;
				LD_RUNPATH_SEARCH_PATHS = (
					"$(inherited)",
					"@executable_path/Frameworks",
				);
				PRODUCT_BUNDLE_IDENTIFIER = "com.assessment.test.Assessment-test";
				PRODUCT_NAME = "$(TARGET_NAME)";
				SWIFT_VERSION = 5.0;
				TARGETED_DEVICE_FAMILY = "1,2";
			};
			name = Release;
		};
/* End XCBuildConfiguration section */

/* Begin XCConfigurationList section */
		C874960A25FF1FD000FEBC99 /* Build configuration list for PBXProject "Assessment_test" */ = {
			isa = XCConfigurationList;
			buildConfigurations = (
				C874962425FF1FD500FEBC99 /* Debug */,
				C874962525FF1FD500FEBC99 /* Release */,
			);
			defaultConfigurationIsVisible = 0;
			defaultConfigurationName = Release;
		};
		C874962625FF1FD500FEBC99 /* Build configuration list for PBXNativeTarget "Assessment_test" */ = {
			isa = XCConfigurationList;
			buildConfigurations = (
				C874962725FF1FD500FEBC99 /* Debug */,
				C874962825FF1FD500FEBC99 /* Release */,
			);
			defaultConfigurationIsVisible = 0;
			defaultConfigurationName = Release;
		};
/* End XCConfigurationList section */

/* Begin XCVersionGroup section */
		C874961B25FF1FD000FEBC99 /* Assessment_test.xcdatamodeld */ = {
			isa = XCVersionGroup;
			children = (
				C874961C25FF1FD000FEBC99 /* Assessment_test.xcdatamodel */,
			);
			currentVersion = C874961C25FF1FD000FEBC99 /* Assessment_test.xcdatamodel */;
			path = Assessment_test.xcdatamodeld;
			sourceTree = "<group>";
			versionGroupType = wrapper.xcdatamodel;
		};
/* End XCVersionGroup section */
	};
	rootObject = C874960725FF1FD000FEBC99 /* Project object */;
}
